
Microsoft Visual Studio Solution File, Format Version 12.00
# Visual Studio Version 17
VisualStudioVersion = 17.7.34202.233
MinimumVisualStudioVersion = 10.0.40219.1
Project("{9A19103F-16F7-4668-BE54-9A1E7A4F7556}") = "OpenCRM.Core", "OpenDHS.Shared\OpenCRM.Core.csproj", "{EB58C440-D27E-4E91-9238-D09905F5E5E6}"
EndProject
Project("{9A19103F-16F7-4668-BE54-9A1E7A4F7556}") = "OpenDHS.Web", "OpenDHS.Web\OpenDHS.Web.csproj", "{2338CE73-379A-448B-9FF6-EFA3CA759FFC}"
EndProject
Project("{9A19103F-16F7-4668-BE54-9A1E7A4F7556}") = "OpenCRM.Core.Test", "OpenDHS.Shared.Test\OpenCRM.Core.Test.csproj", "{ADF5A8B7-B2C0-436D-9491-CC3B843380F4}"
EndProject
Project("{9A19103F-16F7-4668-BE54-9A1E7A4F7556}") = "OpenCRM.Finance", "OpenDHS.Finance\OpenCRM.Finance.csproj", "{DADA415F-7BCB-4220-AFCA-8AAEB351D99E}"
EndProject
Project("{2150E333-8FDC-42A3-9474-1A3956D46DE8}") = "Sites", "Sites", "{B2EB63A0-92AC-4CFE-97EE-122F0896EC45}"
EndProject
Project("{9A19103F-16F7-4668-BE54-9A1E7A4F7556}") = "OpenDHS.StudioMaggio.Site", "Sites\OpenDHS.StudioMaggio.Site\OpenDHS.StudioMaggio.Site.csproj", "{4759D7E3-C5D7-4533-92C5-60A40EAF7612}"
EndProject
Project("{9A19103F-16F7-4668-BE54-9A1E7A4F7556}") = "OpenDHS.Omniumbio.Site", "Sites\OpenDHS.Omniumbio.Site\OpenDHS.Omniumbio.Site.csproj", "{95E9E0FF-805D-4CA0-9EEE-A411B578DAFC}"
EndProject
Project("{2150E333-8FDC-42A3-9474-1A3956D46DE8}") = "Modules", "Modules", "{C542CA25-BF9C-4AA8-A4EE-5217621EB63B}"
EndProject
Project("{2150E333-8FDC-42A3-9474-1A3956D46DE8}") = "Core", "Core", "{AC0CF4BF-CF7F-489E-A05F-1E884730C909}"
EndProject
Global
	GlobalSection(SolutionConfigurationPlatforms) = preSolution
		Debug|Any CPU = Debug|Any CPU
		Release|Any CPU = Release|Any CPU
	EndGlobalSection
	GlobalSection(ProjectConfigurationPlatforms) = postSolution
		{EB58C440-D27E-4E91-9238-D09905F5E5E6}.Debug|Any CPU.ActiveCfg = Debug|Any CPU
		{EB58C440-D27E-4E91-9238-D09905F5E5E6}.Debug|Any CPU.Build.0 = Debug|Any CPU
		{EB58C440-D27E-4E91-9238-D09905F5E5E6}.Release|Any CPU.ActiveCfg = Release|Any CPU
		{EB58C440-D27E-4E91-9238-D09905F5E5E6}.Release|Any CPU.Build.0 = Release|Any CPU
		{2338CE73-379A-448B-9FF6-EFA3CA759FFC}.Debug|Any CPU.ActiveCfg = Debug|Any CPU
		{2338CE73-379A-448B-9FF6-EFA3CA759FFC}.Debug|Any CPU.Build.0 = Debug|Any CPU
		{2338CE73-379A-448B-9FF6-EFA3CA759FFC}.Release|Any CPU.ActiveCfg = Release|Any CPU
		{2338CE73-379A-448B-9FF6-EFA3CA759FFC}.Release|Any CPU.Build.0 = Release|Any CPU
		{ADF5A8B7-B2C0-436D-9491-CC3B843380F4}.Debug|Any CPU.ActiveCfg = Debug|Any CPU
		{ADF5A8B7-B2C0-436D-9491-CC3B843380F4}.Debug|Any CPU.Build.0 = Debug|Any CPU
		{ADF5A8B7-B2C0-436D-9491-CC3B843380F4}.Release|Any CPU.ActiveCfg = Release|Any CPU
		{ADF5A8B7-B2C0-436D-9491-CC3B843380F4}.Release|Any CPU.Build.0 = Release|Any CPU
		{DADA415F-7BCB-4220-AFCA-8AAEB351D99E}.Debug|Any CPU.ActiveCfg = Debug|Any CPU
		{DADA415F-7BCB-4220-AFCA-8AAEB351D99E}.Debug|Any CPU.Build.0 = Debug|Any CPU
		{DADA415F-7BCB-4220-AFCA-8AAEB351D99E}.Release|Any CPU.ActiveCfg = Release|Any CPU
		{DADA415F-7BCB-4220-AFCA-8AAEB351D99E}.Release|Any CPU.Build.0 = Release|Any CPU
		{4759D7E3-C5D7-4533-92C5-60A40EAF7612}.Debug|Any CPU.ActiveCfg = Debug|Any CPU
		{4759D7E3-C5D7-4533-92C5-60A40EAF7612}.Debug|Any CPU.Build.0 = Debug|Any CPU
		{4759D7E3-C5D7-4533-92C5-60A40EAF7612}.Release|Any CPU.ActiveCfg = Release|Any CPU
		{4759D7E3-C5D7-4533-92C5-60A40EAF7612}.Release|Any CPU.Build.0 = Release|Any CPU
		{95E9E0FF-805D-4CA0-9EEE-A411B578DAFC}.Debug|Any CPU.ActiveCfg = Debug|Any CPU
		{95E9E0FF-805D-4CA0-9EEE-A411B578DAFC}.Debug|Any CPU.Build.0 = Debug|Any CPU
		{95E9E0FF-805D-4CA0-9EEE-A411B578DAFC}.Release|Any CPU.ActiveCfg = Release|Any CPU
		{95E9E0FF-805D-4CA0-9EEE-A411B578DAFC}.Release|Any CPU.Build.0 = Release|Any CPU
	EndGlobalSection
	GlobalSection(SolutionProperties) = preSolution
		HideSolutionNode = FALSE
	EndGlobalSection
	GlobalSection(NestedProjects) = preSolution
		{EB58C440-D27E-4E91-9238-D09905F5E5E6} = {C542CA25-BF9C-4AA8-A4EE-5217621EB63B}
		{ADF5A8B7-B2C0-436D-9491-CC3B843380F4} = {C542CA25-BF9C-4AA8-A4EE-5217621EB63B}
		{DADA415F-7BCB-4220-AFCA-8AAEB351D99E} = {C542CA25-BF9C-4AA8-A4EE-5217621EB63B}
		{4759D7E3-C5D7-4533-92C5-60A40EAF7612} = {B2EB63A0-92AC-4CFE-97EE-122F0896EC45}
		{95E9E0FF-805D-4CA0-9EEE-A411B578DAFC} = {B2EB63A0-92AC-4CFE-97EE-122F0896EC45}
	EndGlobalSection
	GlobalSection(ExtensibilityGlobals) = postSolution
		SolutionGuid = {3CE3E16D-DB9A-4580-9FD7-D9BFC2CDD0C6}
	EndGlobalSection
EndGlobal
